PODS:
  - XySDK (1.0.0)

DEPENDENCIES:
  - XySDK (from `https://github.com/xygroup/xy-ios-sdk-release.git`)

EXTERNAL SOURCES:
  XySDK:
    :git: https://github.com/xygroup/xy-ios-sdk-release.git

CHECKOUT OPTIONS:
  XySDK:
    :commit: f3fcd995eeb31917f95276ed3dcec0c62cad6983
    :git: https://github.com/xygroup/xy-ios-sdk-release.git

SPEC CHECKSUMS:
  XySDK: a7f34ca34e3e13377cb06d05ea5efda747da413e

PODFILE CHECKSUM: aee0e9de74b796c3cd4eb8445d8f922503e30240

COCOAPODS: 1.6.0
