// !$*UTF8*$!
{
	archiveVersion = 1;
	classes = {
	};
	objectVersion = 50;
	objects = {

/* Begin PBXBuildFile section */
		77AE5B52221D00D100183623 /* AppDelegate.m in Sources */ = {isa = PBXBuildFile; fileRef = 77AE5B51221D00D100183623 /* AppDelegate.m */; };
		77AE5B55221D00D100183623 /* ViewController.m in Sources */ = {isa = PBXBuildFile; fileRef = 77AE5B54221D00D100183623 /* ViewController.m */; };
		77AE5B58221D00D100183623 /* Main.storyboard in Resources */ = {isa = PBXBuildFile; fileRef = 77AE5B56221D00D100183623 /* Main.storyboard */; };
		77AE5B5A221D00D400183623 /* Assets.xcassets in Resources */ = {isa = PBXBuildFile; fileRef = 77AE5B59221D00D400183623 /* Assets.xcassets */; };
		77AE5B5D221D00D400183623 /* LaunchScreen.storyboard in Resources */ = {isa = PBXBuildFile; fileRef = 77AE5B5B221D00D400183623 /* LaunchScreen.storyboard */; };
		77AE5B60221D00D400183623 /* main.m in Sources */ = {isa = PBXBuildFile; fileRef = 77AE5B5F221D00D400183623 /* main.m */; };
		F3D365B02CDA160BFE0C07B7 /* Pods_XySDKSample.framework in Frameworks */ = {isa = PBXBuildFile; fileRef = 885C29E328AE37E9314E2027 /* Pods_XySDKSample.framework */; };
/* End PBXBuildFile section */

/* Begin PBXFileReference section */
		46C7CD0BEE469A60BCDCAA26 /* Pods-XySDKSample.debug.xcconfig */ = {isa = PBXFileReference; includeInIndex = 1; lastKnownFileType = text.xcconfig; name = "Pods-XySDKSample.debug.xcconfig"; path = "Target Support Files/Pods-XySDKSample/Pods-XySDKSample.debug.xcconfig"; sourceTree = "<group>"; };
		77AE5B4D221D00D100183623 /* XySDKSample.app */ = {isa = PBXFileReference; explicitFileType = wrapper.application; includeInIndex = 0; path = XySDKSample.app; sourceTree = BUILT_PRODUCTS_DIR; };
		77AE5B50221D00D100183623 /* AppDelegate.h */ = {isa = PBXFileReference; lastKnownFileType = sourcecode.c.h; path = AppDelegate.h; sourceTree = "<group>"; };
		77AE5B51221D00D100183623 /* AppDelegate.m */ = {isa = PBXFileReference; lastKnownFileType = sourcecode.c.objc; path = AppDelegate.m; sourceTree = "<group>"; };
		77AE5B53221D00D100183623 /* ViewController.h */ = {isa = PBXFileReference; lastKnownFileType = sourcecode.c.h; path = ViewController.h; sourceTree = "<group>"; };
		77AE5B54221D00D100183623 /* ViewController.m */ = {isa = PBXFileReference; lastKnownFileType = sourcecode.c.objc; path = ViewController.m; sourceTree = "<group>"; };
		77AE5B57221D00D100183623 /* Base */ = {isa = PBXFileReference; lastKnownFileType = file.storyboard; name = Base; path = Base.lproj/Main.storyboard; sourceTree = "<group>"; };
		77AE5B59221D00D400183623 /* Assets.xcassets */ = {isa = PBXFileReference; lastKnownFileType = folder.assetcatalog; path = Assets.xcassets; sourceTree = "<group>"; };
		77AE5B5C221D00D400183623 /* Base */ = {isa = PBXFileReference; lastKnownFileType = file.storyboard; name = Base; path = Base.lproj/LaunchScreen.storyboard; sourceTree = "<group>"; };
		77AE5B5E221D00D400183623 /* Info.plist */ = {isa = PBXFileReference; lastKnownFileType = text.plist.xml; path = Info.plist; sourceTree = "<group>"; };
		77AE5B5F221D00D400183623 /* main.m */ = {isa = PBXFileReference; lastKnownFileType = sourcecode.c.objc; path = main.m; sourceTree = "<group>"; };
		885C29E328AE37E9314E2027 /* Pods_XySDKSample.framework */ = {isa = PBXFileReference; explicitFileType = wrapper.framework; includeInIndex = 0; path = Pods_XySDKSample.framework; sourceTree = BUILT_PRODUCTS_DIR; };
		AF7BB88BD06E54C42A73CA51 /* Pods-XySDKSample.release.xcconfig */ = {isa = PBXFileReference; includeInIndex = 1; lastKnownFileType = text.xcconfig; name = "Pods-XySDKSample.release.xcconfig"; path = "Target Support Files/Pods-XySDKSample/Pods-XySDKSample.release.xcconfig"; sourceTree = "<group>"; };
/* End PBXFileReference section */

/* Begin PBXFrameworksBuildPhase section */
		77AE5B4A221D00D100183623 /* Frameworks */ = {
			isa = PBXFrameworksBuildPhase;
			buildActionMask = 2147483647;
			files = (
				F3D365B02CDA160BFE0C07B7 /* Pods_XySDKSample.framework in Frameworks */,
			);
			runOnlyForDeploymentPostprocessing = 0;
		};
/* End PBXFrameworksBuildPhase section */

/* Begin PBXGroup section */
		0442695E8D41626F55706FB4 /* Frameworks */ = {
			isa = PBXGroup;
			children = (
				885C29E328AE37E9314E2027 /* Pods_XySDKSample.framework */,
			);
			name = Frameworks;
			sourceTree = "<group>";
		};
		11DBD7EF7CC8E630FF07CEDC /* Pods */ = {
			isa = PBXGroup;
			children = (
				46C7CD0BEE469A60BCDCAA26 /* Pods-XySDKSample.debug.xcconfig */,
				AF7BB88BD06E54C42A73CA51 /* Pods-XySDKSample.release.xcconfig */,
			);
			path = Pods;
			sourceTree = "<group>";
		};
		77AE5B44221D00D100183623 = {
			isa = PBXGroup;
			children = (
				77AE5B4F221D00D100183623 /* XySDKSample */,
				77AE5B4E221D00D100183623 /* Products */,
				11DBD7EF7CC8E630FF07CEDC /* Pods */,
				0442695E8D41626F55706FB4 /* Frameworks */,
			);
			sourceTree = "<group>";
		};
		77AE5B4E221D00D100183623 /* Products */ = {
			isa = PBXGroup;
			children = (
				77AE5B4D221D00D100183623 /* XySDKSample.app */,
			);
			name = Products;
			sourceTree = "<group>";
		};
		77AE5B4F221D00D100183623 /* XySDKSample */ = {
			isa = PBXGroup;
			children = (
				77AE5B50221D00D100183623 /* AppDelegate.h */,
				77AE5B51221D00D100183623 /* AppDelegate.m */,
				77AE5B53221D00D100183623 /* ViewController.h */,
				77AE5B54221D00D100183623 /* ViewController.m */,
				77AE5B56221D00D100183623 /* Main.storyboard */,
				77AE5B59221D00D400183623 /* Assets.xcassets */,
				77AE5B5B221D00D400183623 /* LaunchScreen.storyboard */,
				77AE5B5E221D00D400183623 /* Info.plist */,
				77AE5B5F221D00D400183623 /* main.m */,
			);
			path = XySDKSample;
			sourceTree = "<group>";
		};
/* End PBXGroup section */

/* Begin PBXNativeTarget section */
		77AE5B4C221D00D100183623 /* XySDKSample */ = {
			isa = PBXNativeTarget;
			buildConfigurationList = 77AE5B63221D00D400183623 /* Build configuration list for PBXNativeTarget "XySDKSample" */;
			buildPhases = (
				FCFAA24B5F9CC237C471D2DF /* [CP] Check Pods Manifest.lock */,
				77AE5B49221D00D100183623 /* Sources */,
				77AE5B4A221D00D100183623 /* Frameworks */,
				77AE5B4B221D00D100183623 /* Resources */,
				A82AF2D821C14224AAB93AB9 /* [CP] Embed Pods Frameworks */,
			);
			buildRules = (
			);
			dependencies = (
			);
			name = XySDKSample;
			productName = XySDKSample;
			productReference = 77AE5B4D221D00D100183623 /* XySDKSample.app */;
			productType = "com.apple.product-type.application";
		};
/* End PBXNativeTarget section */

/* Begin PBXProject section */
		77AE5B45221D00D100183623 /* Project object */ = {
			isa = PBXProject;
			attributes = {
				LastUpgradeCheck = 1010;
				ORGANIZATIONNAME = "Xy Group Ltd";
				TargetAttributes = {
					77AE5B4C221D00D100183623 = {
						CreatedOnToolsVersion = 10.1;
						SystemCapabilities = {
							com.apple.BackgroundModes = {
								enabled = 1;
							};
						};
					};
				};
			};
			buildConfigurationList = 77AE5B48221D00D100183623 /* Build configuration list for PBXProject "XySDKSample" */;
			compatibilityVersion = "Xcode 9.3";
			developmentRegion = en;
			hasScannedForEncodings = 0;
			knownRegions = (
				en,
				Base,
			);
			mainGroup = 77AE5B44221D00D100183623;
			productRefGroup = 77AE5B4E221D00D100183623 /* Products */;
			projectDirPath = "";
			projectRoot = "";
			targets = (
				77AE5B4C221D00D100183623 /* XySDKSample */,
			);
		};
/* End PBXProject section */

/* Begin PBXResourcesBuildPhase section */
		77AE5B4B221D00D100183623 /* Resources */ = {
			isa = PBXResourcesBuildPhase;
			buildActionMask = 2147483647;
			files = (
				77AE5B5D221D00D400183623 /* LaunchScreen.storyboard in Resources */,
				77AE5B5A221D00D400183623 /* Assets.xcassets in Resources */,
				77AE5B58221D00D100183623 /* Main.storyboard in Resources */,
			);
			runOnlyForDeploymentPostprocessing = 0;
		};
/* End PBXResourcesBuildPhase section */

/* Begin PBXShellScriptBuildPhase section */
		A82AF2D821C14224AAB93AB9 /* [CP] Embed Pods Frameworks */ = {
			isa = PBXShellScriptBuildPhase;
			buildActionMask = 2147483647;
			files = (
			);
			inputFileListPaths = (
			);
			inputPaths = (
				"${PODS_ROOT}/Target Support Files/Pods-XySDKSample/Pods-XySDKSample-frameworks.sh",
				"${PODS_ROOT}/XySDK/Frameworks/XySDK.framework",
			);
			name = "[CP] Embed Pods Frameworks";
			outputFileListPaths = (
			);
			outputPaths = (
				"${TARGET_BUILD_DIR}/${FRAMEWORKS_FOLDER_PATH}/XySDK.framework",
			);
			runOnlyForDeploymentPostprocessing = 0;
			shellPath = /bin/sh;
			shellScript = "\"${PODS_ROOT}/Target Support Files/Pods-XySDKSample/Pods-XySDKSample-frameworks.sh\"\n";
			showEnvVarsInLog = 0;
		};
		FCFAA24B5F9CC237C471D2DF /* [CP] Check Pods Manifest.lock */ = {
			isa = PBXShellScriptBuildPhase;
			buildActionMask = 2147483647;
			files = (
			);
			inputFileListPaths = (
			);
			inputPaths = (
				"${PODS_PODFILE_DIR_PATH}/Podfile.lock",
				"${PODS_ROOT}/Manifest.lock",
			);
			name = "[CP] Check Pods Manifest.lock";
			outputFileListPaths = (
			);
			outputPaths = (
				"$(DERIVED_FILE_DIR)/Pods-XySDKSample-checkManifestLockResult.txt",
			);
			runOnlyForDeploymentPostprocessing = 0;
			shellPath = /bin/sh;
			shellScript = "diff \"${PODS_PODFILE_DIR_PATH}/Podfile.lock\" \"${PODS_ROOT}/Manifest.lock\" > /dev/null\nif [ $? != 0 ] ; then\n    # print error to STDERR\n    echo \"error: The sandbox is not in sync with the Podfile.lock. Run 'pod install' or update your CocoaPods installation.\" >&2\n    exit 1\nfi\n# This output is used by Xcode 'outputs' to avoid re-running this script phase.\necho \"SUCCESS\" > \"${SCRIPT_OUTPUT_FILE_0}\"\n";
			showEnvVarsInLog = 0;
		};
/* End PBXShellScriptBuildPhase section */

/* Begin PBXSourcesBuildPhase section */
		77AE5B49221D00D100183623 /* Sources */ = {
			isa = PBXSourcesBuildPhase;
			buildActionMask = 2147483647;
			files = (
				77AE5B55221D00D100183623 /* ViewController.m in Sources */,
				77AE5B60221D00D400183623 /* main.m in Sources */,
				77AE5B52221D00D100183623 /* AppDelegate.m in Sources */,
			);
			runOnlyForDeploymentPostprocessing = 0;
		};
/* End PBXSourcesBuildPhase section */

/* Begin PBXVariantGroup section */
		77AE5B56221D00D100183623 /* Main.storyboard */ = {
			isa = PBXVariantGroup;
			children = (
				77AE5B57221D00D100183623 /* Base */,
			);
			name = Main.storyboard;
			sourceTree = "<group>";
		};
		77AE5B5B221D00D400183623 /* LaunchScreen.storyboard */ = {
			isa = PBXVariantGroup;
			children = (
				77AE5B5C221D00D400183623 /* Base */,
			);
			name = LaunchScreen.storyboard;
			sourceTree = "<group>";
		};
/* End PBXVariantGroup section */

/* Begin XCBuildConfiguration section */
		77AE5B61221D00D400183623 /* Debug */ = {
			isa = XCBuildConfiguration;
			buildSettings = {
				ALWAYS_SEARCH_USER_PATHS = NO;
				CLANG_ANALYZER_NONNULL = YES;
				CLANG_ANALYZER_NUMBER_OBJECT_CONVERSION = YES_AGGRESSIVE;
				CLANG_CXX_LANGUAGE_STANDARD = "gnu++14";
				CLANG_CXX_LIBRARY = "libc++";
				CLANG_ENABLE_MODULES = YES;
				CLANG_ENABLE_OBJC_ARC = YES;
				CLANG_ENABLE_OBJC_WEAK = YES;
				CLANG_WARN_BLOCK_CAPTURE_AUTORELEASING = YES;
				CLANG_WARN_BOOL_CONVERSION = YES;
				CLANG_WARN_COMMA = YES;
				CLANG_WARN_CONSTANT_CONVERSION = YES;
				CLANG_WARN_DEPRECATED_OBJC_IMPLEMENTATIONS = YES;
				CLANG_WARN_DIRECT_OBJC_ISA_USAGE = YES_ERROR;
				CLANG_WARN_DOCUMENTATION_COMMENTS = YES;
				CLANG_WARN_EMPTY_BODY = YES;
				CLANG_WARN_ENUM_CONVERSION = YES;
				CLANG_WARN_INFINITE_RECURSION = YES;
				CLANG_WARN_INT_CONVERSION = YES;
				CLANG_WARN_NON_LITERAL_NULL_CONVERSION = YES;
				CLANG_WARN_OBJC_IMPLICIT_RETAIN_SELF = YES;
				CLANG_WARN_OBJC_LITERAL_CONVERSION = YES;
				CLANG_WARN_OBJC_ROOT_CLASS = YES_ERROR;
				CLANG_WARN_RANGE_LOOP_ANALYSIS = YES;
				CLANG_WARN_STRICT_PROTOTYPES = YES;
				CLANG_WARN_SUSPICIOUS_MOVE = YES;
				CLANG_WARN_UNGUARDED_AVAILABILITY = YES_AGGRESSIVE;
				CLANG_WARN_UNREACHABLE_CODE = YES;
				CLANG_WARN__DUPLICATE_METHOD_MATCH = YES;
				CODE_SIGN_IDENTITY = "iPhone Developer";
				COPY_PHASE_STRIP = NO;
				DEBUG_INFORMATION_FORMAT = dwarf;
				ENABLE_STRICT_OBJC_MSGSEND = YES;
				ENABLE_TESTABILITY = YES;
				GCC_C_LANGUAGE_STANDARD = gnu11;
				GCC_DYNAMIC_NO_PIC = NO;
				GCC_NO_COMMON_BLOCKS = YES;
				GCC_OPTIMIZATION_LEVEL = 0;
				GCC_PREPROCESSOR_DEFINITIONS = (
					"DEBUG=1",
					"$(inherited)",
				);
				GCC_WARN_64_TO_32_BIT_CONVERSION = YES;
				GCC_WARN_ABOUT_RETURN_TYPE = YES_ERROR;
				GCC_WARN_UNDECLARED_SELECTOR = YES;
				GCC_WARN_UNINITIALIZED_AUTOS = YES_AGGRESSIVE;
				GCC_WARN_UNUSED_FUNCTION = YES;
				GCC_WARN_UNUSED_VARIABLE = YES;
				IPHONEOS_DEPLOYMENT_TARGET = 12.1;
				MTL_ENABLE_DEBUG_INFO = INCLUDE_SOURCE;
				MTL_FAST_MATH = YES;
				ONLY_ACTIVE_ARCH = YES;
				SDKROOT = iphoneos;
			};
			name = Debug;
		};
		77AE5B62221D00D400183623 /* Release */ = {
			isa = XCBuildConfiguration;
			buildSettings = {
				ALWAYS_SEARCH_USER_PATHS = NO;
				CLANG_ANALYZER_NONNULL = YES;
				CLANG_ANALYZER_NUMBER_OBJECT_CONVERSION = YES_AGGRESSIVE;
				CLANG_CXX_LANGUAGE_STANDARD = "gnu++14";
				CLANG_CXX_LIBRARY = "libc++";
				CLANG_ENABLE_MODULES = YES;
				CLANG_ENABLE_OBJC_ARC = YES;
				CLANG_ENABLE_OBJC_WEAK = YES;
				CLANG_WARN_BLOCK_CAPTURE_AUTORELEASING = YES;
				CLANG_WARN_BOOL_CONVERSION = YES;
				CLANG_WARN_COMMA = YES;
				CLANG_WARN_CONSTANT_CONVERSION = YES;
				CLANG_WARN_DEPRECATED_OBJC_IMPLEMENTATIONS = YES;
				CLANG_WARN_DIRECT_OBJC_ISA_USAGE = YES_ERROR;
				CLANG_WARN_DOCUMENTATION_COMMENTS = YES;
				CLANG_WARN_EMPTY_BODY = YES;
				CLANG_WARN_ENUM_CONVERSION = YES;
				CLANG_WARN_INFINITE_RECURSION = YES;
				CLANG_WARN_INT_CONVERSION = YES;
				CLANG_WARN_NON_LITERAL_NULL_CONVERSION = YES;
				CLANG_WARN_OBJC_IMPLICIT_RETAIN_SELF = YES;
				CLANG_WARN_OBJC_LITERAL_CONVERSION = YES;
				CLANG_WARN_OBJC_ROOT_CLASS = YES_ERROR;
				CLANG_WARN_RANGE_LOOP_ANALYSIS = YES;
				CLANG_WARN_STRICT_PROTOTYPES = YES;
				CLANG_WARN_SUSPICIOUS_MOVE = YES;
				CLANG_WARN_UNGUARDED_AVAILABILITY = YES_AGGRESSIVE;
				CLANG_WARN_UNREACHABLE_CODE = YES;
				CLANG_WARN__DUPLICATE_METHOD_MATCH = YES;
				CODE_SIGN_IDENTITY = "iPhone Developer";
				COPY_PHASE_STRIP = NO;
				DEBUG_INFORMATION_FORMAT = "dwarf-with-dsym";
				ENABLE_NS_ASSERTIONS = NO;
				ENABLE_STRICT_OBJC_MSGSEND = YES;
				GCC_C_LANGUAGE_STANDARD = gnu11;
				GCC_NO_COMMON_BLOCKS = YES;
				GCC_WARN_64_TO_32_BIT_CONVERSION = YES;
				GCC_WARN_ABOUT_RETURN_TYPE = YES_ERROR;
				GCC_WARN_UNDECLARED_SELECTOR = YES;
				GCC_WARN_UNINITIALIZED_AUTOS = YES_AGGRESSIVE;
				GCC_WARN_UNUSED_FUNCTION = YES;
				GCC_WARN_UNUSED_VARIABLE = YES;
				IPHONEOS_DEPLOYMENT_TARGET = 12.1;
				MTL_ENABLE_DEBUG_INFO = NO;
				MTL_FAST_MATH = YES;
				SDKROOT = iphoneos;
				VALIDATE_PRODUCT = YES;
			};
			name = Release;
		};
		77AE5B64221D00D400183623 /* Debug */ = {
			isa = XCBuildConfiguration;
			baseConfigurationReference = 46C7CD0BEE469A60BCDCAA26 /* Pods-XySDKSample.debug.xcconfig */;
			buildSettings = {
				ASSETCATALOG_COMPILER_APPICON_NAME = AppIcon;
				CODE_SIGN_STYLE = Automatic;
				DEVELOPMENT_TEAM = W926437467;
				INFOPLIST_FILE = XySDKSample/Info.plist;
				IPHONEOS_DEPLOYMENT_TARGET = 11.0;
				LD_RUNPATH_SEARCH_PATHS = (
					"$(inherited)",
					"@executable_path/Frameworks",
				);
				PRODUCT_BUNDLE_IDENTIFIER = co.xygroup.XySDKSample;
				PRODUCT_NAME = "$(TARGET_NAME)";
				TARGETED_DEVICE_FAMILY = "1,2";
			};
			name = Debug;
		};
		77AE5B65221D00D400183623 /* Release */ = {
			isa = XCBuildConfiguration;
			baseConfigurationReference = AF7BB88BD06E54C42A73CA51 /* Pods-XySDKSample.release.xcconfig */;
			buildSettings = {
				ASSETCATALOG_COMPILER_APPICON_NAME = AppIcon;
				CODE_SIGN_STYLE = Automatic;
				DEVELOPMENT_TEAM = W926437467;
				INFOPLIST_FILE = XySDKSample/Info.plist;
				IPHONEOS_DEPLOYMENT_TARGET = 11.0;
				LD_RUNPATH_SEARCH_PATHS = (
					"$(inherited)",
					"@executable_path/Frameworks",
				);
				PRODUCT_BUNDLE_IDENTIFIER = co.xygroup.XySDKSample;
				PRODUCT_NAME = "$(TARGET_NAME)";
				TARGETED_DEVICE_FAMILY = "1,2";
			};
			name = Release;
		};
/* End XCBuildConfiguration section */

/* Begin XCConfigurationList section */
		77AE5B48221D00D100183623 /* Build configuration list for PBXProject "XySDKSample" */ = {
			isa = XCConfigurationList;
			buildConfigurations = (
				77AE5B61221D00D400183623 /* Debug */,
				77AE5B62221D00D400183623 /* Release */,
			);
			defaultConfigurationIsVisible = 0;
			defaultConfigurationName = Release;
		};
		77AE5B63221D00D400183623 /* Build configuration list for PBXNativeTarget "XySDKSample" */ = {
			isa = XCConfigurationList;
			buildConfigurations = (
				77AE5B64221D00D400183623 /* Debug */,
				77AE5B65221D00D400183623 /* Release */,
			);
			defaultConfigurationIsVisible = 0;
			defaultConfigurationName = Release;
		};
/* End XCConfigurationList section */
	};
	rootObject = 77AE5B45221D00D100183623 /* Project object */;
}
